
Microsoft Visual Studio Solution File, Format Version 12.00
# Visual Studio Version 17
VisualStudioVersion = 17.8.34511.84
MinimumVisualStudioVersion = 10.0.40219.1
Project("{9A19103F-16F7-4668-BE54-9A1E7A4F7556}") = "Hatch.Pdg.SD", "Hatch.Pdg.SD.csproj", "{D5010D3A-3D08-45D7-9541-DBBC5E06465D}"
EndProject
Project("{2150E333-8FDC-42A3-9474-1A3956D46DE8}") = "UserInterface", "UserInterface", "{36F88179-01C6-47F2-BBB5-10449474146C}"
	ProjectSection(SolutionItems) = preProject
		..\README.md = ..\README.md
	EndProjectSection
EndProject
Project("{9A19103F-16F7-4668-BE54-9A1E7A4F7556}") = "SD.UI.Main", "..\UserInterface\SD.UI.Main\SD.UI.Main.csproj", "{089CA3F1-2429-4CC2-9343-DF4F3B9A2B38}"
EndProject
Project("{9A19103F-16F7-4668-BE54-9A1E7A4F7556}") = "SD.UI.Serviceability", "..\UserInterface\SD.UI.Serviceability\SD.UI.Serviceability.csproj", "{98FEFC07-197F-409E-9AFB-2A603113B06F}"
EndProject
Project("{9A19103F-16F7-4668-BE54-9A1E7A4F7556}") = "SD.UI.UltimateLimitState", "..\UserInterface\SD.UI.UltimateLimitState\SD.UI.UltimateLimitState.csproj", "{7DBFE4ED-5FE7-40A2-80D1-CAD5CF7B4756}"
EndProject
Project("{9A19103F-16F7-4668-BE54-9A1E7A4F7556}") = "SD.UI", "..\UserInterface\SD.UI\SD.UI.csproj", "{D210572A-CE8D-4BE6-BCB1-11947D54C96E}"
EndProject
Project("{2150E333-8FDC-42A3-9474-1A3956D46DE8}") = "Core", "Core", "{A28846FC-C535-4897-AF36-89AD1BB84E70}"
EndProject
Project("{9A19103F-16F7-4668-BE54-9A1E7A4F7556}") = "SD.Core.Strand", "..\Core\SD.Core.Strand\SD.Core.Strand.csproj", "{9AB1D47C-2151-4710-8FA9-D4C55B29F504}"
EndProject
Project("{9A19103F-16F7-4668-BE54-9A1E7A4F7556}") = "SD.Core.Shared", "..\Core\SD.Core.Shared\SD.Core.Shared.csproj", "{385BF77D-C315-442A-8E5A-FA4F48A50D62}"
EndProject
Project("{2150E333-8FDC-42A3-9474-1A3956D46DE8}") = "Data", "Data", "{BF2113E0-1A41-478E-A5C4-3AA3DB8CD4A4}"
EndProject
Project("{9A19103F-16F7-4668-BE54-9A1E7A4F7556}") = "SD.Data", "..\Data\SD.Data\SD.Data.csproj", "{3F979EAC-D64C-4D0A-AD29-0B8F983E6DAA}"
EndProject
Project("{2150E333-8FDC-42A3-9474-1A3956D46DE8}") = "Domain", "Domain", "{6BD949A4-DE2E-470F-83BD-310F8B821F9B}"
EndProject
Project("{9A19103F-16F7-4668-BE54-9A1E7A4F7556}") = "SD.Element.Design", "..\Domain\SD.Element.Design\SD.Element.Design.csproj", "{F7763B7E-0EFF-4760-9CAE-2A610B67DDBE}"
EndProject
Project("{9A19103F-16F7-4668-BE54-9A1E7A4F7556}") = "SD.Element.Design.Sans", "..\Domain\SD.Element.Design.Sans\SD.Element.Design.Sans.csproj", "{1334DEB7-650E-4C5F-BD48-A7F1E230A0FD}"
EndProject
Project("{9A19103F-16F7-4668-BE54-9A1E7A4F7556}") = "SD.Fem.Strand7", "..\Domain\SD.Fem.Strand7\SD.Fem.Strand7.csproj", "{502DEC71-251B-416B-B46F-CAA0032327CA}"
EndProject
Project("{2150E333-8FDC-42A3-9474-1A3956D46DE8}") = "Tests", "Tests", "{EDDABE1D-7047-4DC8-A708-048AF5E53588}"
EndProject
Project("{9A19103F-16F7-4668-BE54-9A1E7A4F7556}") = "SD.MathcadPrime", "..\Domain\SD.MathcadPrime\SD.MathcadPrime.csproj", "{23D959D0-45BD-4FA2-8DB5-42EAC1DF508D}"
EndProject
Project("{9A19103F-16F7-4668-BE54-9A1E7A4F7556}") = "SD.Tests.Mathcad.Sans", "..\Tests\SD.Tests.Mathcad\SD.Tests.Mathcad.Sans.csproj", "{17434508-F2BF-453A-9177-60223E74E2BC}"
EndProject
Project("{9A19103F-16F7-4668-BE54-9A1E7A4F7556}") = "SD.Element.Design.AS", "..\Domain\SD.Element.Design.AS\SD.Element.Design.AS.csproj", "{ECE72EFE-2E79-461E-BDE0-098457144DA5}"
EndProject
Project("{9A19103F-16F7-4668-BE54-9A1E7A4F7556}") = "SD.Tests.Unit", "..\Tests\Sd.Tests.Unit\SD.Tests.Unit.csproj", "{C6FE2D76-EB05-4A02-A0C7-B04062D89556}"
EndProject
Project("{9A19103F-16F7-4668-BE54-9A1E7A4F7556}") = "SD.Tests.Strand7", "..\Tests\SD.Tests.Strand7\SD.Tests.Strand7.csproj", "{9602E515-A252-4A64-98ED-864E9C15BCC2}"
EndProject
Project("{9A19103F-16F7-4668-BE54-9A1E7A4F7556}") = "SD.Tests.Sans", "..\Tests\SD.Tests.Sans\SD.Tests.Sans.csproj", "{012802CF-810C-4529-9705-3942137C9781}"
EndProject
Project("{9A19103F-16F7-4668-BE54-9A1E7A4F7556}") = "SD.Tests.Shared", "..\Tests\SD.Tests.Shared\SD.Tests.Shared.csproj", "{DBC323FE-F697-4BF2-8261-8A0566B3FEAC}"
EndProject
Project("{2150E333-8FDC-42A3-9474-1A3956D46DE8}") = "Installer", "Installer", "{80B8B3B8-AF69-41E8-B403-596F39E92689}"
EndProject
Project("{54435603-DBB4-11D2-8724-00A0C9A8B90C}") = "SD.Installer", "..\Installer\SD.Installer\SD.Installer.vdproj", "{DE388633-124A-4C26-90FC-446071D6E4E6}"
EndProject
Project("{9A19103F-16F7-4668-BE54-9A1E7A4F7556}") = "SD.Fem.Strand7.App", "..\Domain\SD.Fem.Strand7.App\SD.Fem.Strand7.App.csproj", "{391B52F9-47AE-421A-8BED-5C43D7415D1B}"
EndProject
Project("{9A19103F-16F7-4668-BE54-9A1E7A4F7556}") = "SD.Core.Infrastructure", "..\Core\SD.Core.Infrastructure\SD.Core.Infrastructure.csproj", "{229830BF-39BD-450E-8FC4-F7DABB788DCE}"
EndProject
Project("{9A19103F-16F7-4668-BE54-9A1E7A4F7556}") = "SD.Tests.Mathcad.AS", "..\Tests\SD.Tests.Mathcad.AS\SD.Tests.Mathcad.AS.csproj", "{C333FEC4-B1B2-4B58-BE41-8204314CA85D}"
EndProject
Project("{FAE04EC0-301F-11D3-BF4B-00C04F79EFBC}") = "SD.UI.Tools", "..\UserInterface\SD.UI.Tools\SD.UI.Tools.csproj", "{4E3C31B6-695D-45C2-AE29-03A3F410BA2D}"
EndProject
Project("{FAE04EC0-301F-11D3-BF4B-00C04F79EFBC}") = "SD.UI.Loading", "..\UserInterface\SD.UI.Loading\SD.UI.Loading.csproj", "{E1006F35-4706-4614-86E9-7258B6E0AA65}"
EndProject
Global
	GlobalSection(SolutionConfigurationPlatforms) = preSolution
		Debug|Any CPU = Debug|Any CPU
		Release|Any CPU = Release|Any CPU
	EndGlobalSection
	GlobalSection(ProjectConfigurationPlatforms) = postSolution
		{D5010D3A-3D08-45D7-9541-DBBC5E06465D}.Debug|Any CPU.ActiveCfg = Debug|Any CPU
		{D5010D3A-3D08-45D7-9541-DBBC5E06465D}.Debug|Any CPU.Build.0 = Debug|Any CPU
		{D5010D3A-3D08-45D7-9541-DBBC5E06465D}.Release|Any CPU.ActiveCfg = Release|Any CPU
		{D5010D3A-3D08-45D7-9541-DBBC5E06465D}.Release|Any CPU.Build.0 = Release|Any CPU
		{089CA3F1-2429-4CC2-9343-DF4F3B9A2B38}.Debug|Any CPU.ActiveCfg = Debug|Any CPU
		{089CA3F1-2429-4CC2-9343-DF4F3B9A2B38}.Debug|Any CPU.Build.0 = Debug|Any CPU
		{089CA3F1-2429-4CC2-9343-DF4F3B9A2B38}.Release|Any CPU.ActiveCfg = Release|Any CPU
		{089CA3F1-2429-4CC2-9343-DF4F3B9A2B38}.Release|Any CPU.Build.0 = Release|Any CPU
		{98FEFC07-197F-409E-9AFB-2A603113B06F}.Debug|Any CPU.ActiveCfg = Debug|Any CPU
		{98FEFC07-197F-409E-9AFB-2A603113B06F}.Debug|Any CPU.Build.0 = Debug|Any CPU
		{98FEFC07-197F-409E-9AFB-2A603113B06F}.Release|Any CPU.ActiveCfg = Release|Any CPU
		{98FEFC07-197F-409E-9AFB-2A603113B06F}.Release|Any CPU.Build.0 = Release|Any CPU
		{7DBFE4ED-5FE7-40A2-80D1-CAD5CF7B4756}.Debug|Any CPU.ActiveCfg = Debug|Any CPU
		{7DBFE4ED-5FE7-40A2-80D1-CAD5CF7B4756}.Debug|Any CPU.Build.0 = Debug|Any CPU
		{7DBFE4ED-5FE7-40A2-80D1-CAD5CF7B4756}.Release|Any CPU.ActiveCfg = Release|Any CPU
		{7DBFE4ED-5FE7-40A2-80D1-CAD5CF7B4756}.Release|Any CPU.Build.0 = Release|Any CPU
		{D210572A-CE8D-4BE6-BCB1-11947D54C96E}.Debug|Any CPU.ActiveCfg = Debug|Any CPU
		{D210572A-CE8D-4BE6-BCB1-11947D54C96E}.Debug|Any CPU.Build.0 = Debug|Any CPU
		{D210572A-CE8D-4BE6-BCB1-11947D54C96E}.Release|Any CPU.ActiveCfg = Release|Any CPU
		{D210572A-CE8D-4BE6-BCB1-11947D54C96E}.Release|Any CPU.Build.0 = Release|Any CPU
		{9AB1D47C-2151-4710-8FA9-D4C55B29F504}.Debug|Any CPU.ActiveCfg = Debug|Any CPU
		{9AB1D47C-2151-4710-8FA9-D4C55B29F504}.Debug|Any CPU.Build.0 = Debug|Any CPU
		{9AB1D47C-2151-4710-8FA9-D4C55B29F504}.Release|Any CPU.ActiveCfg = Release|Any CPU
		{9AB1D47C-2151-4710-8FA9-D4C55B29F504}.Release|Any CPU.Build.0 = Release|Any CPU
		{385BF77D-C315-442A-8E5A-FA4F48A50D62}.Debug|Any CPU.ActiveCfg = Debug|Any CPU
		{385BF77D-C315-442A-8E5A-FA4F48A50D62}.Debug|Any CPU.Build.0 = Debug|Any CPU
		{385BF77D-C315-442A-8E5A-FA4F48A50D62}.Release|Any CPU.ActiveCfg = Release|Any CPU
		{385BF77D-C315-442A-8E5A-FA4F48A50D62}.Release|Any CPU.Build.0 = Release|Any CPU
		{3F979EAC-D64C-4D0A-AD29-0B8F983E6DAA}.Debug|Any CPU.ActiveCfg = Debug|Any CPU
		{3F979EAC-D64C-4D0A-AD29-0B8F983E6DAA}.Debug|Any CPU.Build.0 = Debug|Any CPU
		{3F979EAC-D64C-4D0A-AD29-0B8F983E6DAA}.Release|Any CPU.ActiveCfg = Release|Any CPU
		{3F979EAC-D64C-4D0A-AD29-0B8F983E6DAA}.Release|Any CPU.Build.0 = Release|Any CPU
		{F7763B7E-0EFF-4760-9CAE-2A610B67DDBE}.Debug|Any CPU.ActiveCfg = Debug|Any CPU
		{F7763B7E-0EFF-4760-9CAE-2A610B67DDBE}.Debug|Any CPU.Build.0 = Debug|Any CPU
		{F7763B7E-0EFF-4760-9CAE-2A610B67DDBE}.Release|Any CPU.ActiveCfg = Release|Any CPU
		{F7763B7E-0EFF-4760-9CAE-2A610B67DDBE}.Release|Any CPU.Build.0 = Release|Any CPU
		{1334DEB7-650E-4C5F-BD48-A7F1E230A0FD}.Debug|Any CPU.ActiveCfg = Debug|Any CPU
		{1334DEB7-650E-4C5F-BD48-A7F1E230A0FD}.Debug|Any CPU.Build.0 = Debug|Any CPU
		{1334DEB7-650E-4C5F-BD48-A7F1E230A0FD}.Release|Any CPU.ActiveCfg = Release|Any CPU
		{1334DEB7-650E-4C5F-BD48-A7F1E230A0FD}.Release|Any CPU.Build.0 = Release|Any CPU
		{502DEC71-251B-416B-B46F-CAA0032327CA}.Debug|Any CPU.ActiveCfg = Debug|Any CPU
		{502DEC71-251B-416B-B46F-CAA0032327CA}.Debug|Any CPU.Build.0 = Debug|Any CPU
		{502DEC71-251B-416B-B46F-CAA0032327CA}.Release|Any CPU.ActiveCfg = Release|Any CPU
		{502DEC71-251B-416B-B46F-CAA0032327CA}.Release|Any CPU.Build.0 = Release|Any CPU
		{23D959D0-45BD-4FA2-8DB5-42EAC1DF508D}.Debug|Any CPU.ActiveCfg = Debug|Any CPU
		{23D959D0-45BD-4FA2-8DB5-42EAC1DF508D}.Debug|Any CPU.Build.0 = Debug|Any CPU
		{23D959D0-45BD-4FA2-8DB5-42EAC1DF508D}.Release|Any CPU.ActiveCfg = Release|Any CPU
		{23D959D0-45BD-4FA2-8DB5-42EAC1DF508D}.Release|Any CPU.Build.0 = Release|Any CPU
		{17434508-F2BF-453A-9177-60223E74E2BC}.Debug|Any CPU.ActiveCfg = Debug|Any CPU
		{17434508-F2BF-453A-9177-60223E74E2BC}.Debug|Any CPU.Build.0 = Debug|Any CPU
		{17434508-F2BF-453A-9177-60223E74E2BC}.Release|Any CPU.ActiveCfg = Release|Any CPU
		{ECE72EFE-2E79-461E-BDE0-098457144DA5}.Debug|Any CPU.ActiveCfg = Debug|Any CPU
		{ECE72EFE-2E79-461E-BDE0-098457144DA5}.Debug|Any CPU.Build.0 = Debug|Any CPU
		{ECE72EFE-2E79-461E-BDE0-098457144DA5}.Release|Any CPU.ActiveCfg = Release|Any CPU
		{ECE72EFE-2E79-461E-BDE0-098457144DA5}.Release|Any CPU.Build.0 = Release|Any CPU
		{C6FE2D76-EB05-4A02-A0C7-B04062D89556}.Debug|Any CPU.ActiveCfg = Debug|Any CPU
		{C6FE2D76-EB05-4A02-A0C7-B04062D89556}.Debug|Any CPU.Build.0 = Debug|Any CPU
		{C6FE2D76-EB05-4A02-A0C7-B04062D89556}.Release|Any CPU.ActiveCfg = Release|Any CPU
		{9602E515-A252-4A64-98ED-864E9C15BCC2}.Debug|Any CPU.ActiveCfg = Debug|Any CPU
		{9602E515-A252-4A64-98ED-864E9C15BCC2}.Debug|Any CPU.Build.0 = Debug|Any CPU
		{9602E515-A252-4A64-98ED-864E9C15BCC2}.Release|Any CPU.ActiveCfg = Release|Any CPU
		{012802CF-810C-4529-9705-3942137C9781}.Debug|Any CPU.ActiveCfg = Debug|Any CPU
		{012802CF-810C-4529-9705-3942137C9781}.Debug|Any CPU.Build.0 = Debug|Any CPU
		{012802CF-810C-4529-9705-3942137C9781}.Release|Any CPU.ActiveCfg = Release|Any CPU
		{DBC323FE-F697-4BF2-8261-8A0566B3FEAC}.Debug|Any CPU.ActiveCfg = Debug|Any CPU
		{DBC323FE-F697-4BF2-8261-8A0566B3FEAC}.Debug|Any CPU.Build.0 = Debug|Any CPU
		{DBC323FE-F697-4BF2-8261-8A0566B3FEAC}.Release|Any CPU.ActiveCfg = Release|Any CPU
		{DE388633-124A-4C26-90FC-446071D6E4E6}.Debug|Any CPU.ActiveCfg = Debug
		{DE388633-124A-4C26-90FC-446071D6E4E6}.Release|Any CPU.ActiveCfg = Release
		{391B52F9-47AE-421A-8BED-5C43D7415D1B}.Debug|Any CPU.ActiveCfg = Debug|Any CPU
		{391B52F9-47AE-421A-8BED-5C43D7415D1B}.Debug|Any CPU.Build.0 = Debug|Any CPU
		{391B52F9-47AE-421A-8BED-5C43D7415D1B}.Release|Any CPU.ActiveCfg = Release|Any CPU
		{391B52F9-47AE-421A-8BED-5C43D7415D1B}.Release|Any CPU.Build.0 = Release|Any CPU
		{229830BF-39BD-450E-8FC4-F7DABB788DCE}.Debug|Any CPU.ActiveCfg = Debug|Any CPU
		{229830BF-39BD-450E-8FC4-F7DABB788DCE}.Debug|Any CPU.Build.0 = Debug|Any CPU
		{229830BF-39BD-450E-8FC4-F7DABB788DCE}.Release|Any CPU.ActiveCfg = Release|Any CPU
		{229830BF-39BD-450E-8FC4-F7DABB788DCE}.Release|Any CPU.Build.0 = Release|Any CPU
		{C333FEC4-B1B2-4B58-BE41-8204314CA85D}.Debug|Any CPU.ActiveCfg = Debug|Any CPU
		{C333FEC4-B1B2-4B58-BE41-8204314CA85D}.Debug|Any CPU.Build.0 = Debug|Any CPU
		{C333FEC4-B1B2-4B58-BE41-8204314CA85D}.Release|Any CPU.ActiveCfg = Release|Any CPU
		{C333FEC4-B1B2-4B58-BE41-8204314CA85D}.Release|Any CPU.Build.0 = Release|Any CPU
		{4E3C31B6-695D-45C2-AE29-03A3F410BA2D}.Debug|Any CPU.ActiveCfg = Debug|Any CPU
		{4E3C31B6-695D-45C2-AE29-03A3F410BA2D}.Debug|Any CPU.Build.0 = Debug|Any CPU
		{4E3C31B6-695D-45C2-AE29-03A3F410BA2D}.Release|Any CPU.ActiveCfg = Release|Any CPU
		{4E3C31B6-695D-45C2-AE29-03A3F410BA2D}.Release|Any CPU.Build.0 = Release|Any CPU
		{E1006F35-4706-4614-86E9-7258B6E0AA65}.Debug|Any CPU.ActiveCfg = Debug|Any CPU
		{E1006F35-4706-4614-86E9-7258B6E0AA65}.Debug|Any CPU.Build.0 = Debug|Any CPU
		{E1006F35-4706-4614-86E9-7258B6E0AA65}.Release|Any CPU.ActiveCfg = Release|Any CPU
		{E1006F35-4706-4614-86E9-7258B6E0AA65}.Release|Any CPU.Build.0 = Release|Any CPU
	EndGlobalSection
	GlobalSection(SolutionProperties) = preSolution
		HideSolutionNode = FALSE
	EndGlobalSection
	GlobalSection(NestedProjects) = preSolution
		{089CA3F1-2429-4CC2-9343-DF4F3B9A2B38} = {36F88179-01C6-47F2-BBB5-10449474146C}
		{98FEFC07-197F-409E-9AFB-2A603113B06F} = {36F88179-01C6-47F2-BBB5-10449474146C}
		{7DBFE4ED-5FE7-40A2-80D1-CAD5CF7B4756} = {36F88179-01C6-47F2-BBB5-10449474146C}
		{D210572A-CE8D-4BE6-BCB1-11947D54C96E} = {36F88179-01C6-47F2-BBB5-10449474146C}
		{9AB1D47C-2151-4710-8FA9-D4C55B29F504} = {A28846FC-C535-4897-AF36-89AD1BB84E70}
		{385BF77D-C315-442A-8E5A-FA4F48A50D62} = {A28846FC-C535-4897-AF36-89AD1BB84E70}
		{3F979EAC-D64C-4D0A-AD29-0B8F983E6DAA} = {BF2113E0-1A41-478E-A5C4-3AA3DB8CD4A4}
		{F7763B7E-0EFF-4760-9CAE-2A610B67DDBE} = {6BD949A4-DE2E-470F-83BD-310F8B821F9B}
		{1334DEB7-650E-4C5F-BD48-A7F1E230A0FD} = {6BD949A4-DE2E-470F-83BD-310F8B821F9B}
		{502DEC71-251B-416B-B46F-CAA0032327CA} = {6BD949A4-DE2E-470F-83BD-310F8B821F9B}
		{23D959D0-45BD-4FA2-8DB5-42EAC1DF508D} = {6BD949A4-DE2E-470F-83BD-310F8B821F9B}
		{17434508-F2BF-453A-9177-60223E74E2BC} = {EDDABE1D-7047-4DC8-A708-048AF5E53588}
		{ECE72EFE-2E79-461E-BDE0-098457144DA5} = {6BD949A4-DE2E-470F-83BD-310F8B821F9B}
		{C6FE2D76-EB05-4A02-A0C7-B04062D89556} = {EDDABE1D-7047-4DC8-A708-048AF5E53588}
		{9602E515-A252-4A64-98ED-864E9C15BCC2} = {EDDABE1D-7047-4DC8-A708-048AF5E53588}
		{012802CF-810C-4529-9705-3942137C9781} = {EDDABE1D-7047-4DC8-A708-048AF5E53588}
		{DBC323FE-F697-4BF2-8261-8A0566B3FEAC} = {EDDABE1D-7047-4DC8-A708-048AF5E53588}
		{DE388633-124A-4C26-90FC-446071D6E4E6} = {80B8B3B8-AF69-41E8-B403-596F39E92689}
		{391B52F9-47AE-421A-8BED-5C43D7415D1B} = {6BD949A4-DE2E-470F-83BD-310F8B821F9B}
		{229830BF-39BD-450E-8FC4-F7DABB788DCE} = {A28846FC-C535-4897-AF36-89AD1BB84E70}
		{C333FEC4-B1B2-4B58-BE41-8204314CA85D} = {EDDABE1D-7047-4DC8-A708-048AF5E53588}
		{4E3C31B6-695D-45C2-AE29-03A3F410BA2D} = {36F88179-01C6-47F2-BBB5-10449474146C}
		{E1006F35-4706-4614-86E9-7258B6E0AA65} = {36F88179-01C6-47F2-BBB5-10449474146C}
	EndGlobalSection
	GlobalSection(ExtensibilityGlobals) = postSolution
		SolutionGuid = {079EDDDA-E83A-4CBB-BAF3-4B5C7E861E9F}
	EndGlobalSection
EndGlobal
