
Microsoft Visual Studio Solution File, Format Version 12.00
# Visual Studio Version 18
VisualStudioVersion = 18.2.11408.102
MinimumVisualStudioVersion = 10.0.40219.1
Project("{9A19103F-16F7-4668-BE54-9A1E7A4F7556}") = "SD", "SD.csproj", "{D5010D3A-3D08-45D7-9541-DBBC5E06465D}"
EndProject
Project("{2150E333-8FDC-42A3-9474-1A3956D46DE8}") = "UserInterface", "UserInterface", "{36F88179-01C6-47F2-BBB5-10449474146C}"
	ProjectSection(SolutionItems) = preProject
		..\README.md = ..\README.md
	EndProjectSection
EndProject
Project("{9A19103F-16F7-4668-BE54-9A1E7A4F7556}") = "SD.UI.Main", "..\UserInterface\SD.UI.Main\SD.UI.Main.csproj", "{089CA3F1-2429-4CC2-9343-DF4F3B9A2B38}"
EndProject
Project("{9A19103F-16F7-4668-BE54-9A1E7A4F7556}") = "SD.UI.Serviceability", "..\UserInterface\SD.UI.Serviceability\SD.UI.Serviceability.csproj", "{98FEFC07-197F-409E-9AFB-2A603113B06F}"
EndProject
Project("{9A19103F-16F7-4668-BE54-9A1E7A4F7556}") = "SD.UI.UltimateLimitState", "..\UserInterface\SD.UI.UltimateLimitState\SD.UI.UltimateLimitState.csproj", "{7DBFE4ED-5FE7-40A2-80D1-CAD5CF7B4756}"
EndProject
Project("{9A19103F-16F7-4668-BE54-9A1E7A4F7556}") = "SD.UI", "..\UserInterface\SD.UI\SD.UI.csproj", "{D210572A-CE8D-4BE6-BCB1-11947D54C96E}"
EndProject
Project("{2150E333-8FDC-42A3-9474-1A3956D46DE8}") = "Core", "Core", "{A28846FC-C535-4897-AF36-89AD1BB84E70}"
EndProject
Project("{9A19103F-16F7-4668-BE54-9A1E7A4F7556}") = "SD.Core.Strand", "..\Core\SD.Core.Strand\SD.Core.Strand.csproj", "{9AB1D47C-2151-4710-8FA9-D4C55B29F504}"
EndProject
Project("{9A19103F-16F7-4668-BE54-9A1E7A4F7556}") = "SD.Core.Shared", "..\Core\SD.Core.Shared\SD.Core.Shared.csproj", "{385BF77D-C315-442A-8E5A-FA4F48A50D62}"
EndProject
Project("{2150E333-8FDC-42A3-9474-1A3956D46DE8}") = "Data", "Data", "{BF2113E0-1A41-478E-A5C4-3AA3DB8CD4A4}"
EndProject
Project("{9A19103F-16F7-4668-BE54-9A1E7A4F7556}") = "SD.Data", "..\Data\SD.Data\SD.Data.csproj", "{3F979EAC-D64C-4D0A-AD29-0B8F983E6DAA}"
EndProject
Project("{2150E333-8FDC-42A3-9474-1A3956D46DE8}") = "Domain", "Domain", "{6BD949A4-DE2E-470F-83BD-310F8B821F9B}"
EndProject
Project("{9A19103F-16F7-4668-BE54-9A1E7A4F7556}") = "SD.Element.Design", "..\Domain\SD.Element.Design\SD.Element.Design.csproj", "{F7763B7E-0EFF-4760-9CAE-2A610B67DDBE}"
EndProject
Project("{9A19103F-16F7-4668-BE54-9A1E7A4F7556}") = "SD.Element.Design.Sans", "..\Domain\SD.Element.Design.Sans\SD.Element.Design.Sans.csproj", "{1334DEB7-650E-4C5F-BD48-A7F1E230A0FD}"
EndProject
Project("{9A19103F-16F7-4668-BE54-9A1E7A4F7556}") = "SD.Fem.Strand7", "..\Domain\SD.Fem.Strand7\SD.Fem.Strand7.csproj", "{502DEC71-251B-416B-B46F-CAA0032327CA}"
EndProject
Project("{2150E333-8FDC-42A3-9474-1A3956D46DE8}") = "Tests", "Tests", "{EDDABE1D-7047-4DC8-A708-048AF5E53588}"
EndProject
Project("{9A19103F-16F7-4668-BE54-9A1E7A4F7556}") = "SD.MathcadPrime", "..\Domain\SD.MathcadPrime\SD.MathcadPrime.csproj", "{23D959D0-45BD-4FA2-8DB5-42EAC1DF508D}"
EndProject
Project("{9A19103F-16F7-4668-BE54-9A1E7A4F7556}") = "SD.Tests.Mathcad.Sans", "..\Tests\SD.Tests.Mathcad\SD.Tests.Mathcad.Sans.csproj", "{17434508-F2BF-453A-9177-60223E74E2BC}"
EndProject
Project("{9A19103F-16F7-4668-BE54-9A1E7A4F7556}") = "SD.Element.Design.AS", "..\Domain\SD.Element.Design.AS\SD.Element.Design.AS.csproj", "{ECE72EFE-2E79-461E-BDE0-098457144DA5}"
EndProject
Project("{9A19103F-16F7-4668-BE54-9A1E7A4F7556}") = "SD.Tests.Unit", "..\Tests\Sd.Tests.Unit\SD.Tests.Unit.csproj", "{C6FE2D76-EB05-4A02-A0C7-B04062D89556}"
EndProject
Project("{9A19103F-16F7-4668-BE54-9A1E7A4F7556}") = "SD.Tests.Strand7", "..\Tests\SD.Tests.Strand7\SD.Tests.Strand7.csproj", "{9602E515-A252-4A64-98ED-864E9C15BCC2}"
EndProject
Project("{9A19103F-16F7-4668-BE54-9A1E7A4F7556}") = "SD.Tests.Sans", "..\Tests\SD.Tests.Sans\SD.Tests.Sans.csproj", "{012802CF-810C-4529-9705-3942137C9781}"
EndProject
Project("{9A19103F-16F7-4668-BE54-9A1E7A4F7556}") = "SD.Tests.Shared", "..\Tests\SD.Tests.Shared\SD.Tests.Shared.csproj", "{DBC323FE-F697-4BF2-8261-8A0566B3FEAC}"
EndProject
Project("{2150E333-8FDC-42A3-9474-1A3956D46DE8}") = "Installer", "Installer", "{80B8B3B8-AF69-41E8-B403-596F39E92689}"
EndProject
Project("{B7DD6F7E-DEF8-4E67-B5B7-07EF123DB6F0}") = "SD.WiX", "..\Installer\SD.WiX\SD.WiX.wixproj", "{A1B2C3D4-E5F6-7A8B-9C0D-1E2F3A4B5C6D}"
EndProject
Project("{B7DD6F7E-DEF8-4E67-B5B7-07EF123DB6F0}") = "SD.Bundle", "..\Installer\SD.Bundle\SD.Bundle.wixproj", "{B2C3D4E5-F6A7-8B9C-0D1E-2F3A4B5C6D7E}"
EndProject
Project("{9A19103F-16F7-4668-BE54-9A1E7A4F7556}") = "SD.Fem.Strand7.App", "..\Domain\SD.Fem.Strand7.App\SD.Fem.Strand7.App.csproj", "{391B52F9-47AE-421A-8BED-5C43D7415D1B}"
EndProject
Project("{9A19103F-16F7-4668-BE54-9A1E7A4F7556}") = "SD.Core.Infrastructure", "..\Core\SD.Core.Infrastructure\SD.Core.Infrastructure.csproj", "{229830BF-39BD-450E-8FC4-F7DABB788DCE}"
EndProject
Project("{9A19103F-16F7-4668-BE54-9A1E7A4F7556}") = "SD.Tests.Mathcad.AS", "..\Tests\SD.Tests.Mathcad.AS\SD.Tests.Mathcad.AS.csproj", "{C333FEC4-B1B2-4B58-BE41-8204314CA85D}"
EndProject
Project("{FAE04EC0-301F-11D3-BF4B-00C04F79EFBC}") = "SD.UI.Tools", "..\UserInterface\SD.UI.Tools\SD.UI.Tools.csproj", "{4E3C31B6-695D-45C2-AE29-03A3F410BA2D}"
EndProject
Project("{FAE04EC0-301F-11D3-BF4B-00C04F79EFBC}") = "Ptc.MathcadPrime.Automation", "..\MathcadPrime\Ptc.MathcadPrime.Automation\Ptc.MathcadPrime.Automation.csproj", "{B7631B6F-6351-6C7D-6DDF-1BB1849C1E29}"
EndProject
Project("{2150E333-8FDC-42A3-9474-1A3956D46DE8}") = "MathcadPrime", "MathcadPrime", "{B6C4ADD1-1C0B-44EE-8226-4FA1DBCEF3A0}"
EndProject
Project("{FAE04EC0-301F-11D3-BF4B-00C04F79EFBC}") = "SD.Core.Shared.UnitTests", "..\Core\SD.Core.Shared.UnitTests\SD.Core.Shared.UnitTests.csproj", "{FE77A728-3098-4E63-B804-ADD1FA4F3659}"
EndProject
Global
	GlobalSection(SolutionConfigurationPlatforms) = preSolution
		Debug|Any CPU = Debug|Any CPU
		Debug|ARM64 = Debug|ARM64
		Debug|x64 = Debug|x64
		Debug|x86 = Debug|x86
		Release|Any CPU = Release|Any CPU
		Release|ARM64 = Release|ARM64
		Release|x64 = Release|x64
		Release|x86 = Release|x86
	EndGlobalSection
	GlobalSection(ProjectConfigurationPlatforms) = postSolution
		{D5010D3A-3D08-45D7-9541-DBBC5E06465D}.Debug|Any CPU.ActiveCfg = Debug|Any CPU
		{D5010D3A-3D08-45D7-9541-DBBC5E06465D}.Debug|Any CPU.Build.0 = Debug|Any CPU
		{D5010D3A-3D08-45D7-9541-DBBC5E06465D}.Debug|ARM64.ActiveCfg = Debug|Any CPU
		{D5010D3A-3D08-45D7-9541-DBBC5E06465D}.Debug|ARM64.Build.0 = Debug|Any CPU
		{D5010D3A-3D08-45D7-9541-DBBC5E06465D}.Debug|x64.ActiveCfg = Debug|Any CPU
		{D5010D3A-3D08-45D7-9541-DBBC5E06465D}.Debug|x64.Build.0 = Debug|Any CPU
		{D5010D3A-3D08-45D7-9541-DBBC5E06465D}.Debug|x86.ActiveCfg = Debug|Any CPU
		{D5010D3A-3D08-45D7-9541-DBBC5E06465D}.Debug|x86.Build.0 = Debug|Any CPU
		{D5010D3A-3D08-45D7-9541-DBBC5E06465D}.Release|Any CPU.ActiveCfg = Release|Any CPU
		{D5010D3A-3D08-45D7-9541-DBBC5E06465D}.Release|Any CPU.Build.0 = Release|Any CPU
		{D5010D3A-3D08-45D7-9541-DBBC5E06465D}.Release|ARM64.ActiveCfg = Release|Any CPU
		{D5010D3A-3D08-45D7-9541-DBBC5E06465D}.Release|ARM64.Build.0 = Release|Any CPU
		{D5010D3A-3D08-45D7-9541-DBBC5E06465D}.Release|x64.ActiveCfg = Release|Any CPU
		{D5010D3A-3D08-45D7-9541-DBBC5E06465D}.Release|x64.Build.0 = Release|Any CPU
		{D5010D3A-3D08-45D7-9541-DBBC5E06465D}.Release|x86.ActiveCfg = Release|Any CPU
		{D5010D3A-3D08-45D7-9541-DBBC5E06465D}.Release|x86.Build.0 = Release|Any CPU
		{089CA3F1-2429-4CC2-9343-DF4F3B9A2B38}.Debug|Any CPU.ActiveCfg = Debug|Any CPU
		{089CA3F1-2429-4CC2-9343-DF4F3B9A2B38}.Debug|Any CPU.Build.0 = Debug|Any CPU
		{089CA3F1-2429-4CC2-9343-DF4F3B9A2B38}.Debug|ARM64.ActiveCfg = Debug|Any CPU
		{089CA3F1-2429-4CC2-9343-DF4F3B9A2B38}.Debug|ARM64.Build.0 = Debug|Any CPU
		{089CA3F1-2429-4CC2-9343-DF4F3B9A2B38}.Debug|x64.ActiveCfg = Debug|Any CPU
		{089CA3F1-2429-4CC2-9343-DF4F3B9A2B38}.Debug|x64.Build.0 = Debug|Any CPU
		{089CA3F1-2429-4CC2-9343-DF4F3B9A2B38}.Debug|x86.ActiveCfg = Debug|Any CPU
		{089CA3F1-2429-4CC2-9343-DF4F3B9A2B38}.Debug|x86.Build.0 = Debug|Any CPU
		{089CA3F1-2429-4CC2-9343-DF4F3B9A2B38}.Release|Any CPU.ActiveCfg = Release|Any CPU
		{089CA3F1-2429-4CC2-9343-DF4F3B9A2B38}.Release|Any CPU.Build.0 = Release|Any CPU
		{089CA3F1-2429-4CC2-9343-DF4F3B9A2B38}.Release|ARM64.ActiveCfg = Release|Any CPU
		{089CA3F1-2429-4CC2-9343-DF4F3B9A2B38}.Release|ARM64.Build.0 = Release|Any CPU
		{089CA3F1-2429-4CC2-9343-DF4F3B9A2B38}.Release|x64.ActiveCfg = Release|Any CPU
		{089CA3F1-2429-4CC2-9343-DF4F3B9A2B38}.Release|x64.Build.0 = Release|Any CPU
		{089CA3F1-2429-4CC2-9343-DF4F3B9A2B38}.Release|x86.ActiveCfg = Release|Any CPU
		{089CA3F1-2429-4CC2-9343-DF4F3B9A2B38}.Release|x86.Build.0 = Release|Any CPU
		{98FEFC07-197F-409E-9AFB-2A603113B06F}.Debug|Any CPU.ActiveCfg = Debug|Any CPU
		{98FEFC07-197F-409E-9AFB-2A603113B06F}.Debug|Any CPU.Build.0 = Debug|Any CPU
		{98FEFC07-197F-409E-9AFB-2A603113B06F}.Debug|ARM64.ActiveCfg = Debug|Any CPU
		{98FEFC07-197F-409E-9AFB-2A603113B06F}.Debug|ARM64.Build.0 = Debug|Any CPU
		{98FEFC07-197F-409E-9AFB-2A603113B06F}.Debug|x64.ActiveCfg = Debug|Any CPU
		{98FEFC07-197F-409E-9AFB-2A603113B06F}.Debug|x64.Build.0 = Debug|Any CPU
		{98FEFC07-197F-409E-9AFB-2A603113B06F}.Debug|x86.ActiveCfg = Debug|Any CPU
		{98FEFC07-197F-409E-9AFB-2A603113B06F}.Debug|x86.Build.0 = Debug|Any CPU
		{98FEFC07-197F-409E-9AFB-2A603113B06F}.Release|Any CPU.ActiveCfg = Release|Any CPU
		{98FEFC07-197F-409E-9AFB-2A603113B06F}.Release|Any CPU.Build.0 = Release|Any CPU
		{98FEFC07-197F-409E-9AFB-2A603113B06F}.Release|ARM64.ActiveCfg = Release|Any CPU
		{98FEFC07-197F-409E-9AFB-2A603113B06F}.Release|ARM64.Build.0 = Release|Any CPU
		{98FEFC07-197F-409E-9AFB-2A603113B06F}.Release|x64.ActiveCfg = Release|Any CPU
		{98FEFC07-197F-409E-9AFB-2A603113B06F}.Release|x64.Build.0 = Release|Any CPU
		{98FEFC07-197F-409E-9AFB-2A603113B06F}.Release|x86.ActiveCfg = Release|Any CPU
		{98FEFC07-197F-409E-9AFB-2A603113B06F}.Release|x86.Build.0 = Release|Any CPU
		{7DBFE4ED-5FE7-40A2-80D1-CAD5CF7B4756}.Debug|Any CPU.ActiveCfg = Debug|Any CPU
		{7DBFE4ED-5FE7-40A2-80D1-CAD5CF7B4756}.Debug|Any CPU.Build.0 = Debug|Any CPU
		{7DBFE4ED-5FE7-40A2-80D1-CAD5CF7B4756}.Debug|ARM64.ActiveCfg = Debug|Any CPU
		{7DBFE4ED-5FE7-40A2-80D1-CAD5CF7B4756}.Debug|ARM64.Build.0 = Debug|Any CPU
		{7DBFE4ED-5FE7-40A2-80D1-CAD5CF7B4756}.Debug|x64.ActiveCfg = Debug|Any CPU
		{7DBFE4ED-5FE7-40A2-80D1-CAD5CF7B4756}.Debug|x64.Build.0 = Debug|Any CPU
		{7DBFE4ED-5FE7-40A2-80D1-CAD5CF7B4756}.Debug|x86.ActiveCfg = Debug|Any CPU
		{7DBFE4ED-5FE7-40A2-80D1-CAD5CF7B4756}.Debug|x86.Build.0 = Debug|Any CPU
		{7DBFE4ED-5FE7-40A2-80D1-CAD5CF7B4756}.Release|Any CPU.ActiveCfg = Release|Any CPU
		{7DBFE4ED-5FE7-40A2-80D1-CAD5CF7B4756}.Release|Any CPU.Build.0 = Release|Any CPU
		{7DBFE4ED-5FE7-40A2-80D1-CAD5CF7B4756}.Release|ARM64.ActiveCfg = Release|Any CPU
		{7DBFE4ED-5FE7-40A2-80D1-CAD5CF7B4756}.Release|ARM64.Build.0 = Release|Any CPU
		{7DBFE4ED-5FE7-40A2-80D1-CAD5CF7B4756}.Release|x64.ActiveCfg = Release|Any CPU
		{7DBFE4ED-5FE7-40A2-80D1-CAD5CF7B4756}.Release|x64.Build.0 = Release|Any CPU
		{7DBFE4ED-5FE7-40A2-80D1-CAD5CF7B4756}.Release|x86.ActiveCfg = Release|Any CPU
		{7DBFE4ED-5FE7-40A2-80D1-CAD5CF7B4756}.Release|x86.Build.0 = Release|Any CPU
		{D210572A-CE8D-4BE6-BCB1-11947D54C96E}.Debug|Any CPU.ActiveCfg = Debug|Any CPU
		{D210572A-CE8D-4BE6-BCB1-11947D54C96E}.Debug|Any CPU.Build.0 = Debug|Any CPU
		{D210572A-CE8D-4BE6-BCB1-11947D54C96E}.Debug|ARM64.ActiveCfg = Debug|Any CPU
		{D210572A-CE8D-4BE6-BCB1-11947D54C96E}.Debug|ARM64.Build.0 = Debug|Any CPU
		{D210572A-CE8D-4BE6-BCB1-11947D54C96E}.Debug|x64.ActiveCfg = Debug|Any CPU
		{D210572A-CE8D-4BE6-BCB1-11947D54C96E}.Debug|x64.Build.0 = Debug|Any CPU
		{D210572A-CE8D-4BE6-BCB1-11947D54C96E}.Debug|x86.ActiveCfg = Debug|Any CPU
		{D210572A-CE8D-4BE6-BCB1-11947D54C96E}.Debug|x86.Build.0 = Debug|Any CPU
		{D210572A-CE8D-4BE6-BCB1-11947D54C96E}.Release|Any CPU.ActiveCfg = Release|Any CPU
		{D210572A-CE8D-4BE6-BCB1-11947D54C96E}.Release|Any CPU.Build.0 = Release|Any CPU
		{D210572A-CE8D-4BE6-BCB1-11947D54C96E}.Release|ARM64.ActiveCfg = Release|Any CPU
		{D210572A-CE8D-4BE6-BCB1-11947D54C96E}.Release|ARM64.Build.0 = Release|Any CPU
		{D210572A-CE8D-4BE6-BCB1-11947D54C96E}.Release|x64.ActiveCfg = Release|Any CPU
		{D210572A-CE8D-4BE6-BCB1-11947D54C96E}.Release|x64.Build.0 = Release|Any CPU
		{D210572A-CE8D-4BE6-BCB1-11947D54C96E}.Release|x86.ActiveCfg = Release|Any CPU
		{D210572A-CE8D-4BE6-BCB1-11947D54C96E}.Release|x86.Build.0 = Release|Any CPU
		{9AB1D47C-2151-4710-8FA9-D4C55B29F504}.Debug|Any CPU.ActiveCfg = Debug|Any CPU
		{9AB1D47C-2151-4710-8FA9-D4C55B29F504}.Debug|Any CPU.Build.0 = Debug|Any CPU
		{9AB1D47C-2151-4710-8FA9-D4C55B29F504}.Debug|ARM64.ActiveCfg = Debug|Any CPU
		{9AB1D47C-2151-4710-8FA9-D4C55B29F504}.Debug|ARM64.Build.0 = Debug|Any CPU
		{9AB1D47C-2151-4710-8FA9-D4C55B29F504}.Debug|x64.ActiveCfg = Debug|Any CPU
		{9AB1D47C-2151-4710-8FA9-D4C55B29F504}.Debug|x64.Build.0 = Debug|Any CPU
		{9AB1D47C-2151-4710-8FA9-D4C55B29F504}.Debug|x86.ActiveCfg = Debug|Any CPU
		{9AB1D47C-2151-4710-8FA9-D4C55B29F504}.Debug|x86.Build.0 = Debug|Any CPU
		{9AB1D47C-2151-4710-8FA9-D4C55B29F504}.Release|Any CPU.ActiveCfg = Release|Any CPU
		{9AB1D47C-2151-4710-8FA9-D4C55B29F504}.Release|Any CPU.Build.0 = Release|Any CPU
		{9AB1D47C-2151-4710-8FA9-D4C55B29F504}.Release|ARM64.ActiveCfg = Release|Any CPU
		{9AB1D47C-2151-4710-8FA9-D4C55B29F504}.Release|ARM64.Build.0 = Release|Any CPU
		{9AB1D47C-2151-4710-8FA9-D4C55B29F504}.Release|x64.ActiveCfg = Release|Any CPU
		{9AB1D47C-2151-4710-8FA9-D4C55B29F504}.Release|x64.Build.0 = Release|Any CPU
		{9AB1D47C-2151-4710-8FA9-D4C55B29F504}.Release|x86.ActiveCfg = Release|Any CPU
		{9AB1D47C-2151-4710-8FA9-D4C55B29F504}.Release|x86.Build.0 = Release|Any CPU
		{385BF77D-C315-442A-8E5A-FA4F48A50D62}.Debug|Any CPU.ActiveCfg = Debug|Any CPU
		{385BF77D-C315-442A-8E5A-FA4F48A50D62}.Debug|Any CPU.Build.0 = Debug|Any CPU
		{385BF77D-C315-442A-8E5A-FA4F48A50D62}.Debug|ARM64.ActiveCfg = Debug|Any CPU
		{385BF77D-C315-442A-8E5A-FA4F48A50D62}.Debug|ARM64.Build.0 = Debug|Any CPU
		{385BF77D-C315-442A-8E5A-FA4F48A50D62}.Debug|x64.ActiveCfg = Debug|Any CPU
		{385BF77D-C315-442A-8E5A-FA4F48A50D62}.Debug|x64.Build.0 = Debug|Any CPU
		{385BF77D-C315-442A-8E5A-FA4F48A50D62}.Debug|x86.ActiveCfg = Debug|Any CPU
		{385BF77D-C315-442A-8E5A-FA4F48A50D62}.Debug|x86.Build.0 = Debug|Any CPU
		{385BF77D-C315-442A-8E5A-FA4F48A50D62}.Release|Any CPU.ActiveCfg = Release|Any CPU
		{385BF77D-C315-442A-8E5A-FA4F48A50D62}.Release|Any CPU.Build.0 = Release|Any CPU
		{385BF77D-C315-442A-8E5A-FA4F48A50D62}.Release|ARM64.ActiveCfg = Release|Any CPU
		{385BF77D-C315-442A-8E5A-FA4F48A50D62}.Release|ARM64.Build.0 = Release|Any CPU
		{385BF77D-C315-442A-8E5A-FA4F48A50D62}.Release|x64.ActiveCfg = Release|Any CPU
		{385BF77D-C315-442A-8E5A-FA4F48A50D62}.Release|x64.Build.0 = Release|Any CPU
		{385BF77D-C315-442A-8E5A-FA4F48A50D62}.Release|x86.ActiveCfg = Release|Any CPU
		{385BF77D-C315-442A-8E5A-FA4F48A50D62}.Release|x86.Build.0 = Release|Any CPU
		{3F979EAC-D64C-4D0A-AD29-0B8F983E6DAA}.Debug|Any CPU.ActiveCfg = Debug|Any CPU
		{3F979EAC-D64C-4D0A-AD29-0B8F983E6DAA}.Debug|Any CPU.Build.0 = Debug|Any CPU
		{3F979EAC-D64C-4D0A-AD29-0B8F983E6DAA}.Debug|ARM64.ActiveCfg = Debug|Any CPU
		{3F979EAC-D64C-4D0A-AD29-0B8F983E6DAA}.Debug|ARM64.Build.0 = Debug|Any CPU
		{3F979EAC-D64C-4D0A-AD29-0B8F983E6DAA}.Debug|x64.ActiveCfg = Debug|Any CPU
		{3F979EAC-D64C-4D0A-AD29-0B8F983E6DAA}.Debug|x64.Build.0 = Debug|Any CPU
		{3F979EAC-D64C-4D0A-AD29-0B8F983E6DAA}.Debug|x86.ActiveCfg = Debug|Any CPU
		{3F979EAC-D64C-4D0A-AD29-0B8F983E6DAA}.Debug|x86.Build.0 = Debug|Any CPU
		{3F979EAC-D64C-4D0A-AD29-0B8F983E6DAA}.Release|Any CPU.ActiveCfg = Release|Any CPU
		{3F979EAC-D64C-4D0A-AD29-0B8F983E6DAA}.Release|Any CPU.Build.0 = Release|Any CPU
		{3F979EAC-D64C-4D0A-AD29-0B8F983E6DAA}.Release|ARM64.ActiveCfg = Release|Any CPU
		{3F979EAC-D64C-4D0A-AD29-0B8F983E6DAA}.Release|ARM64.Build.0 = Release|Any CPU
		{3F979EAC-D64C-4D0A-AD29-0B8F983E6DAA}.Release|x64.ActiveCfg = Release|Any CPU
		{3F979EAC-D64C-4D0A-AD29-0B8F983E6DAA}.Release|x64.Build.0 = Release|Any CPU
		{3F979EAC-D64C-4D0A-AD29-0B8F983E6DAA}.Release|x86.ActiveCfg = Release|Any CPU
		{3F979EAC-D64C-4D0A-AD29-0B8F983E6DAA}.Release|x86.Build.0 = Release|Any CPU
		{F7763B7E-0EFF-4760-9CAE-2A610B67DDBE}.Debug|Any CPU.ActiveCfg = Debug|Any CPU
		{F7763B7E-0EFF-4760-9CAE-2A610B67DDBE}.Debug|Any CPU.Build.0 = Debug|Any CPU
		{F7763B7E-0EFF-4760-9CAE-2A610B67DDBE}.Debug|ARM64.ActiveCfg = Debug|Any CPU
		{F7763B7E-0EFF-4760-9CAE-2A610B67DDBE}.Debug|ARM64.Build.0 = Debug|Any CPU
		{F7763B7E-0EFF-4760-9CAE-2A610B67DDBE}.Debug|x64.ActiveCfg = Debug|Any CPU
		{F7763B7E-0EFF-4760-9CAE-2A610B67DDBE}.Debug|x64.Build.0 = Debug|Any CPU
		{F7763B7E-0EFF-4760-9CAE-2A610B67DDBE}.Debug|x86.ActiveCfg = Debug|Any CPU
		{F7763B7E-0EFF-4760-9CAE-2A610B67DDBE}.Debug|x86.Build.0 = Debug|Any CPU
		{F7763B7E-0EFF-4760-9CAE-2A610B67DDBE}.Release|Any CPU.ActiveCfg = Release|Any CPU
		{F7763B7E-0EFF-4760-9CAE-2A610B67DDBE}.Release|Any CPU.Build.0 = Release|Any CPU
		{F7763B7E-0EFF-4760-9CAE-2A610B67DDBE}.Release|ARM64.ActiveCfg = Release|Any CPU
		{F7763B7E-0EFF-4760-9CAE-2A610B67DDBE}.Release|ARM64.Build.0 = Release|Any CPU
		{F7763B7E-0EFF-4760-9CAE-2A610B67DDBE}.Release|x64.ActiveCfg = Release|Any CPU
		{F7763B7E-0EFF-4760-9CAE-2A610B67DDBE}.Release|x64.Build.0 = Release|Any CPU
		{F7763B7E-0EFF-4760-9CAE-2A610B67DDBE}.Release|x86.ActiveCfg = Release|Any CPU
		{F7763B7E-0EFF-4760-9CAE-2A610B67DDBE}.Release|x86.Build.0 = Release|Any CPU
		{1334DEB7-650E-4C5F-BD48-A7F1E230A0FD}.Debug|Any CPU.ActiveCfg = Debug|Any CPU
		{1334DEB7-650E-4C5F-BD48-A7F1E230A0FD}.Debug|Any CPU.Build.0 = Debug|Any CPU
		{1334DEB7-650E-4C5F-BD48-A7F1E230A0FD}.Debug|ARM64.ActiveCfg = Debug|Any CPU
		{1334DEB7-650E-4C5F-BD48-A7F1E230A0FD}.Debug|ARM64.Build.0 = Debug|Any CPU
		{1334DEB7-650E-4C5F-BD48-A7F1E230A0FD}.Debug|x64.ActiveCfg = Debug|Any CPU
		{1334DEB7-650E-4C5F-BD48-A7F1E230A0FD}.Debug|x64.Build.0 = Debug|Any CPU
		{1334DEB7-650E-4C5F-BD48-A7F1E230A0FD}.Debug|x86.ActiveCfg = Debug|Any CPU
		{1334DEB7-650E-4C5F-BD48-A7F1E230A0FD}.Debug|x86.Build.0 = Debug|Any CPU
		{1334DEB7-650E-4C5F-BD48-A7F1E230A0FD}.Release|Any CPU.ActiveCfg = Release|Any CPU
		{1334DEB7-650E-4C5F-BD48-A7F1E230A0FD}.Release|Any CPU.Build.0 = Release|Any CPU
		{1334DEB7-650E-4C5F-BD48-A7F1E230A0FD}.Release|ARM64.ActiveCfg = Release|Any CPU
		{1334DEB7-650E-4C5F-BD48-A7F1E230A0FD}.Release|ARM64.Build.0 = Release|Any CPU
		{1334DEB7-650E-4C5F-BD48-A7F1E230A0FD}.Release|x64.ActiveCfg = Release|Any CPU
		{1334DEB7-650E-4C5F-BD48-A7F1E230A0FD}.Release|x64.Build.0 = Release|Any CPU
		{1334DEB7-650E-4C5F-BD48-A7F1E230A0FD}.Release|x86.ActiveCfg = Release|Any CPU
		{1334DEB7-650E-4C5F-BD48-A7F1E230A0FD}.Release|x86.Build.0 = Release|Any CPU
		{502DEC71-251B-416B-B46F-CAA0032327CA}.Debug|Any CPU.ActiveCfg = Debug|Any CPU
		{502DEC71-251B-416B-B46F-CAA0032327CA}.Debug|Any CPU.Build.0 = Debug|Any CPU
		{502DEC71-251B-416B-B46F-CAA0032327CA}.Debug|ARM64.ActiveCfg = Debug|Any CPU
		{502DEC71-251B-416B-B46F-CAA0032327CA}.Debug|ARM64.Build.0 = Debug|Any CPU
		{502DEC71-251B-416B-B46F-CAA0032327CA}.Debug|x64.ActiveCfg = Debug|Any CPU
		{502DEC71-251B-416B-B46F-CAA0032327CA}.Debug|x64.Build.0 = Debug|Any CPU
		{502DEC71-251B-416B-B46F-CAA0032327CA}.Debug|x86.ActiveCfg = Debug|Any CPU
		{502DEC71-251B-416B-B46F-CAA0032327CA}.Debug|x86.Build.0 = Debug|Any CPU
		{502DEC71-251B-416B-B46F-CAA0032327CA}.Release|Any CPU.ActiveCfg = Release|Any CPU
		{502DEC71-251B-416B-B46F-CAA0032327CA}.Release|Any CPU.Build.0 = Release|Any CPU
		{502DEC71-251B-416B-B46F-CAA0032327CA}.Release|ARM64.ActiveCfg = Release|Any CPU
		{502DEC71-251B-416B-B46F-CAA0032327CA}.Release|ARM64.Build.0 = Release|Any CPU
		{502DEC71-251B-416B-B46F-CAA0032327CA}.Release|x64.ActiveCfg = Release|Any CPU
		{502DEC71-251B-416B-B46F-CAA0032327CA}.Release|x64.Build.0 = Release|Any CPU
		{502DEC71-251B-416B-B46F-CAA0032327CA}.Release|x86.ActiveCfg = Release|Any CPU
		{502DEC71-251B-416B-B46F-CAA0032327CA}.Release|x86.Build.0 = Release|Any CPU
		{23D959D0-45BD-4FA2-8DB5-42EAC1DF508D}.Debug|Any CPU.ActiveCfg = Debug|Any CPU
		{23D959D0-45BD-4FA2-8DB5-42EAC1DF508D}.Debug|Any CPU.Build.0 = Debug|Any CPU
		{23D959D0-45BD-4FA2-8DB5-42EAC1DF508D}.Debug|ARM64.ActiveCfg = Debug|Any CPU
		{23D959D0-45BD-4FA2-8DB5-42EAC1DF508D}.Debug|ARM64.Build.0 = Debug|Any CPU
		{23D959D0-45BD-4FA2-8DB5-42EAC1DF508D}.Debug|x64.ActiveCfg = Debug|Any CPU
		{23D959D0-45BD-4FA2-8DB5-42EAC1DF508D}.Debug|x64.Build.0 = Debug|Any CPU
		{23D959D0-45BD-4FA2-8DB5-42EAC1DF508D}.Debug|x86.ActiveCfg = Debug|Any CPU
		{23D959D0-45BD-4FA2-8DB5-42EAC1DF508D}.Debug|x86.Build.0 = Debug|Any CPU
		{23D959D0-45BD-4FA2-8DB5-42EAC1DF508D}.Release|Any CPU.ActiveCfg = Release|Any CPU
		{23D959D0-45BD-4FA2-8DB5-42EAC1DF508D}.Release|Any CPU.Build.0 = Release|Any CPU
		{23D959D0-45BD-4FA2-8DB5-42EAC1DF508D}.Release|ARM64.ActiveCfg = Release|Any CPU
		{23D959D0-45BD-4FA2-8DB5-42EAC1DF508D}.Release|ARM64.Build.0 = Release|Any CPU
		{23D959D0-45BD-4FA2-8DB5-42EAC1DF508D}.Release|x64.ActiveCfg = Release|Any CPU
		{23D959D0-45BD-4FA2-8DB5-42EAC1DF508D}.Release|x64.Build.0 = Release|Any CPU
		{23D959D0-45BD-4FA2-8DB5-42EAC1DF508D}.Release|x86.ActiveCfg = Release|Any CPU
		{23D959D0-45BD-4FA2-8DB5-42EAC1DF508D}.Release|x86.Build.0 = Release|Any CPU
		{17434508-F2BF-453A-9177-60223E74E2BC}.Debug|Any CPU.ActiveCfg = Debug|Any CPU
		{17434508-F2BF-453A-9177-60223E74E2BC}.Debug|Any CPU.Build.0 = Debug|Any CPU
		{17434508-F2BF-453A-9177-60223E74E2BC}.Debug|ARM64.ActiveCfg = Debug|Any CPU
		{17434508-F2BF-453A-9177-60223E74E2BC}.Debug|ARM64.Build.0 = Debug|Any CPU
		{17434508-F2BF-453A-9177-60223E74E2BC}.Debug|x64.ActiveCfg = Debug|Any CPU
		{17434508-F2BF-453A-9177-60223E74E2BC}.Debug|x64.Build.0 = Debug|Any CPU
		{17434508-F2BF-453A-9177-60223E74E2BC}.Debug|x86.ActiveCfg = Debug|Any CPU
		{17434508-F2BF-453A-9177-60223E74E2BC}.Debug|x86.Build.0 = Debug|Any CPU
		{17434508-F2BF-453A-9177-60223E74E2BC}.Release|Any CPU.ActiveCfg = Release|Any CPU
		{17434508-F2BF-453A-9177-60223E74E2BC}.Release|ARM64.ActiveCfg = Release|Any CPU
		{17434508-F2BF-453A-9177-60223E74E2BC}.Release|ARM64.Build.0 = Release|Any CPU
		{17434508-F2BF-453A-9177-60223E74E2BC}.Release|x64.ActiveCfg = Release|Any CPU
		{17434508-F2BF-453A-9177-60223E74E2BC}.Release|x64.Build.0 = Release|Any CPU
		{17434508-F2BF-453A-9177-60223E74E2BC}.Release|x86.ActiveCfg = Release|Any CPU
		{17434508-F2BF-453A-9177-60223E74E2BC}.Release|x86.Build.0 = Release|Any CPU
		{ECE72EFE-2E79-461E-BDE0-098457144DA5}.Debug|Any CPU.ActiveCfg = Debug|Any CPU
		{ECE72EFE-2E79-461E-BDE0-098457144DA5}.Debug|Any CPU.Build.0 = Debug|Any CPU
		{ECE72EFE-2E79-461E-BDE0-098457144DA5}.Debug|ARM64.ActiveCfg = Debug|Any CPU
		{ECE72EFE-2E79-461E-BDE0-098457144DA5}.Debug|ARM64.Build.0 = Debug|Any CPU
		{ECE72EFE-2E79-461E-BDE0-098457144DA5}.Debug|x64.ActiveCfg = Debug|Any CPU
		{ECE72EFE-2E79-461E-BDE0-098457144DA5}.Debug|x64.Build.0 = Debug|Any CPU
		{ECE72EFE-2E79-461E-BDE0-098457144DA5}.Debug|x86.ActiveCfg = Debug|Any CPU
		{ECE72EFE-2E79-461E-BDE0-098457144DA5}.Debug|x86.Build.0 = Debug|Any CPU
		{ECE72EFE-2E79-461E-BDE0-098457144DA5}.Release|Any CPU.ActiveCfg = Release|Any CPU
		{ECE72EFE-2E79-461E-BDE0-098457144DA5}.Release|Any CPU.Build.0 = Release|Any CPU
		{ECE72EFE-2E79-461E-BDE0-098457144DA5}.Release|ARM64.ActiveCfg = Release|Any CPU
		{ECE72EFE-2E79-461E-BDE0-098457144DA5}.Release|ARM64.Build.0 = Release|Any CPU
		{ECE72EFE-2E79-461E-BDE0-098457144DA5}.Release|x64.ActiveCfg = Release|Any CPU
		{ECE72EFE-2E79-461E-BDE0-098457144DA5}.Release|x64.Build.0 = Release|Any CPU
		{ECE72EFE-2E79-461E-BDE0-098457144DA5}.Release|x86.ActiveCfg = Release|Any CPU
		{ECE72EFE-2E79-461E-BDE0-098457144DA5}.Release|x86.Build.0 = Release|Any CPU
		{C6FE2D76-EB05-4A02-A0C7-B04062D89556}.Debug|Any CPU.ActiveCfg = Debug|Any CPU
		{C6FE2D76-EB05-4A02-A0C7-B04062D89556}.Debug|Any CPU.Build.0 = Debug|Any CPU
		{C6FE2D76-EB05-4A02-A0C7-B04062D89556}.Debug|ARM64.ActiveCfg = Debug|Any CPU
		{C6FE2D76-EB05-4A02-A0C7-B04062D89556}.Debug|ARM64.Build.0 = Debug|Any CPU
		{C6FE2D76-EB05-4A02-A0C7-B04062D89556}.Debug|x64.ActiveCfg = Debug|Any CPU
		{C6FE2D76-EB05-4A02-A0C7-B04062D89556}.Debug|x64.Build.0 = Debug|Any CPU
		{C6FE2D76-EB05-4A02-A0C7-B04062D89556}.Debug|x86.ActiveCfg = Debug|Any CPU
		{C6FE2D76-EB05-4A02-A0C7-B04062D89556}.Debug|x86.Build.0 = Debug|Any CPU
		{C6FE2D76-EB05-4A02-A0C7-B04062D89556}.Release|Any CPU.ActiveCfg = Release|Any CPU
		{C6FE2D76-EB05-4A02-A0C7-B04062D89556}.Release|ARM64.ActiveCfg = Release|Any CPU
		{C6FE2D76-EB05-4A02-A0C7-B04062D89556}.Release|ARM64.Build.0 = Release|Any CPU
		{C6FE2D76-EB05-4A02-A0C7-B04062D89556}.Release|x64.ActiveCfg = Release|Any CPU
		{C6FE2D76-EB05-4A02-A0C7-B04062D89556}.Release|x64.Build.0 = Release|Any CPU
		{C6FE2D76-EB05-4A02-A0C7-B04062D89556}.Release|x86.ActiveCfg = Release|Any CPU
		{C6FE2D76-EB05-4A02-A0C7-B04062D89556}.Release|x86.Build.0 = Release|Any CPU
		{9602E515-A252-4A64-98ED-864E9C15BCC2}.Debug|Any CPU.ActiveCfg = Debug|Any CPU
		{9602E515-A252-4A64-98ED-864E9C15BCC2}.Debug|Any CPU.Build.0 = Debug|Any CPU
		{9602E515-A252-4A64-98ED-864E9C15BCC2}.Debug|ARM64.ActiveCfg = Debug|Any CPU
		{9602E515-A252-4A64-98ED-864E9C15BCC2}.Debug|ARM64.Build.0 = Debug|Any CPU
		{9602E515-A252-4A64-98ED-864E9C15BCC2}.Debug|x64.ActiveCfg = Debug|Any CPU
		{9602E515-A252-4A64-98ED-864E9C15BCC2}.Debug|x64.Build.0 = Debug|Any CPU
		{9602E515-A252-4A64-98ED-864E9C15BCC2}.Debug|x86.ActiveCfg = Debug|Any CPU
		{9602E515-A252-4A64-98ED-864E9C15BCC2}.Debug|x86.Build.0 = Debug|Any CPU
		{9602E515-A252-4A64-98ED-864E9C15BCC2}.Release|Any CPU.ActiveCfg = Release|Any CPU
		{9602E515-A252-4A64-98ED-864E9C15BCC2}.Release|ARM64.ActiveCfg = Release|Any CPU
		{9602E515-A252-4A64-98ED-864E9C15BCC2}.Release|ARM64.Build.0 = Release|Any CPU
		{9602E515-A252-4A64-98ED-864E9C15BCC2}.Release|x64.ActiveCfg = Release|Any CPU
		{9602E515-A252-4A64-98ED-864E9C15BCC2}.Release|x64.Build.0 = Release|Any CPU
		{9602E515-A252-4A64-98ED-864E9C15BCC2}.Release|x86.ActiveCfg = Release|Any CPU
		{9602E515-A252-4A64-98ED-864E9C15BCC2}.Release|x86.Build.0 = Release|Any CPU
		{012802CF-810C-4529-9705-3942137C9781}.Debug|Any CPU.ActiveCfg = Debug|Any CPU
		{012802CF-810C-4529-9705-3942137C9781}.Debug|Any CPU.Build.0 = Debug|Any CPU
		{012802CF-810C-4529-9705-3942137C9781}.Debug|ARM64.ActiveCfg = Debug|Any CPU
		{012802CF-810C-4529-9705-3942137C9781}.Debug|ARM64.Build.0 = Debug|Any CPU
		{012802CF-810C-4529-9705-3942137C9781}.Debug|x64.ActiveCfg = Debug|Any CPU
		{012802CF-810C-4529-9705-3942137C9781}.Debug|x64.Build.0 = Debug|Any CPU
		{012802CF-810C-4529-9705-3942137C9781}.Debug|x86.ActiveCfg = Debug|Any CPU
		{012802CF-810C-4529-9705-3942137C9781}.Debug|x86.Build.0 = Debug|Any CPU
		{012802CF-810C-4529-9705-3942137C9781}.Release|Any CPU.ActiveCfg = Release|Any CPU
		{012802CF-810C-4529-9705-3942137C9781}.Release|ARM64.ActiveCfg = Release|Any CPU
		{012802CF-810C-4529-9705-3942137C9781}.Release|ARM64.Build.0 = Release|Any CPU
		{012802CF-810C-4529-9705-3942137C9781}.Release|x64.ActiveCfg = Release|Any CPU
		{012802CF-810C-4529-9705-3942137C9781}.Release|x64.Build.0 = Release|Any CPU
		{012802CF-810C-4529-9705-3942137C9781}.Release|x86.ActiveCfg = Release|Any CPU
		{012802CF-810C-4529-9705-3942137C9781}.Release|x86.Build.0 = Release|Any CPU
		{DBC323FE-F697-4BF2-8261-8A0566B3FEAC}.Debug|Any CPU.ActiveCfg = Debug|Any CPU
		{DBC323FE-F697-4BF2-8261-8A0566B3FEAC}.Debug|Any CPU.Build.0 = Debug|Any CPU
		{DBC323FE-F697-4BF2-8261-8A0566B3FEAC}.Debug|ARM64.ActiveCfg = Debug|Any CPU
		{DBC323FE-F697-4BF2-8261-8A0566B3FEAC}.Debug|ARM64.Build.0 = Debug|Any CPU
		{DBC323FE-F697-4BF2-8261-8A0566B3FEAC}.Debug|x64.ActiveCfg = Debug|Any CPU
		{DBC323FE-F697-4BF2-8261-8A0566B3FEAC}.Debug|x64.Build.0 = Debug|Any CPU
		{DBC323FE-F697-4BF2-8261-8A0566B3FEAC}.Debug|x86.ActiveCfg = Debug|Any CPU
		{DBC323FE-F697-4BF2-8261-8A0566B3FEAC}.Debug|x86.Build.0 = Debug|Any CPU
		{DBC323FE-F697-4BF2-8261-8A0566B3FEAC}.Release|Any CPU.ActiveCfg = Release|Any CPU
		{DBC323FE-F697-4BF2-8261-8A0566B3FEAC}.Release|ARM64.ActiveCfg = Release|Any CPU
		{DBC323FE-F697-4BF2-8261-8A0566B3FEAC}.Release|ARM64.Build.0 = Release|Any CPU
		{DBC323FE-F697-4BF2-8261-8A0566B3FEAC}.Release|x64.ActiveCfg = Release|Any CPU
		{DBC323FE-F697-4BF2-8261-8A0566B3FEAC}.Release|x64.Build.0 = Release|Any CPU
		{DBC323FE-F697-4BF2-8261-8A0566B3FEAC}.Release|x86.ActiveCfg = Release|Any CPU
		{DBC323FE-F697-4BF2-8261-8A0566B3FEAC}.Release|x86.Build.0 = Release|Any CPU
		{A1B2C3D4-E5F6-7A8B-9C0D-1E2F3A4B5C6D}.Debug|Any CPU.ActiveCfg = Debug|x64
		{A1B2C3D4-E5F6-7A8B-9C0D-1E2F3A4B5C6D}.Debug|ARM64.ActiveCfg = Debug|ARM64
		{A1B2C3D4-E5F6-7A8B-9C0D-1E2F3A4B5C6D}.Debug|ARM64.Build.0 = Debug|ARM64
		{A1B2C3D4-E5F6-7A8B-9C0D-1E2F3A4B5C6D}.Debug|x64.ActiveCfg = Debug|x64
		{A1B2C3D4-E5F6-7A8B-9C0D-1E2F3A4B5C6D}.Debug|x64.Build.0 = Debug|x64
		{A1B2C3D4-E5F6-7A8B-9C0D-1E2F3A4B5C6D}.Debug|x86.ActiveCfg = Debug|x86
		{A1B2C3D4-E5F6-7A8B-9C0D-1E2F3A4B5C6D}.Debug|x86.Build.0 = Debug|x86
		{A1B2C3D4-E5F6-7A8B-9C0D-1E2F3A4B5C6D}.Release|Any CPU.ActiveCfg = Release|x64
		{A1B2C3D4-E5F6-7A8B-9C0D-1E2F3A4B5C6D}.Release|Any CPU.Build.0 = Release|x64
		{A1B2C3D4-E5F6-7A8B-9C0D-1E2F3A4B5C6D}.Release|ARM64.ActiveCfg = Release|ARM64
		{A1B2C3D4-E5F6-7A8B-9C0D-1E2F3A4B5C6D}.Release|ARM64.Build.0 = Release|ARM64
		{A1B2C3D4-E5F6-7A8B-9C0D-1E2F3A4B5C6D}.Release|x64.ActiveCfg = Release|x64
		{A1B2C3D4-E5F6-7A8B-9C0D-1E2F3A4B5C6D}.Release|x64.Build.0 = Release|x64
		{A1B2C3D4-E5F6-7A8B-9C0D-1E2F3A4B5C6D}.Release|x86.ActiveCfg = Release|x86
		{A1B2C3D4-E5F6-7A8B-9C0D-1E2F3A4B5C6D}.Release|x86.Build.0 = Release|x86
		{B2C3D4E5-F6A7-8B9C-0D1E-2F3A4B5C6D7E}.Debug|Any CPU.ActiveCfg = Debug|x64
		{B2C3D4E5-F6A7-8B9C-0D1E-2F3A4B5C6D7E}.Debug|ARM64.ActiveCfg = Debug|ARM64
		{B2C3D4E5-F6A7-8B9C-0D1E-2F3A4B5C6D7E}.Debug|ARM64.Build.0 = Debug|ARM64
		{B2C3D4E5-F6A7-8B9C-0D1E-2F3A4B5C6D7E}.Debug|x64.ActiveCfg = Debug|x64
		{B2C3D4E5-F6A7-8B9C-0D1E-2F3A4B5C6D7E}.Debug|x64.Build.0 = Debug|x64
		{B2C3D4E5-F6A7-8B9C-0D1E-2F3A4B5C6D7E}.Debug|x86.ActiveCfg = Debug|x86
		{B2C3D4E5-F6A7-8B9C-0D1E-2F3A4B5C6D7E}.Debug|x86.Build.0 = Debug|x86
		{B2C3D4E5-F6A7-8B9C-0D1E-2F3A4B5C6D7E}.Release|Any CPU.ActiveCfg = Release|x64
		{B2C3D4E5-F6A7-8B9C-0D1E-2F3A4B5C6D7E}.Release|Any CPU.Build.0 = Release|x64
		{B2C3D4E5-F6A7-8B9C-0D1E-2F3A4B5C6D7E}.Release|ARM64.ActiveCfg = Release|ARM64
		{B2C3D4E5-F6A7-8B9C-0D1E-2F3A4B5C6D7E}.Release|ARM64.Build.0 = Release|ARM64
		{B2C3D4E5-F6A7-8B9C-0D1E-2F3A4B5C6D7E}.Release|x64.ActiveCfg = Release|x64
		{B2C3D4E5-F6A7-8B9C-0D1E-2F3A4B5C6D7E}.Release|x64.Build.0 = Release|x64
		{B2C3D4E5-F6A7-8B9C-0D1E-2F3A4B5C6D7E}.Release|x86.ActiveCfg = Release|x86
		{B2C3D4E5-F6A7-8B9C-0D1E-2F3A4B5C6D7E}.Release|x86.Build.0 = Release|x86
		{391B52F9-47AE-421A-8BED-5C43D7415D1B}.Debug|Any CPU.ActiveCfg = Debug|Any CPU
		{391B52F9-47AE-421A-8BED-5C43D7415D1B}.Debug|Any CPU.Build.0 = Debug|Any CPU
		{391B52F9-47AE-421A-8BED-5C43D7415D1B}.Debug|ARM64.ActiveCfg = Debug|Any CPU
		{391B52F9-47AE-421A-8BED-5C43D7415D1B}.Debug|ARM64.Build.0 = Debug|Any CPU
		{391B52F9-47AE-421A-8BED-5C43D7415D1B}.Debug|x64.ActiveCfg = Debug|Any CPU
		{391B52F9-47AE-421A-8BED-5C43D7415D1B}.Debug|x64.Build.0 = Debug|Any CPU
		{391B52F9-47AE-421A-8BED-5C43D7415D1B}.Debug|x86.ActiveCfg = Debug|Any CPU
		{391B52F9-47AE-421A-8BED-5C43D7415D1B}.Debug|x86.Build.0 = Debug|Any CPU
		{391B52F9-47AE-421A-8BED-5C43D7415D1B}.Release|Any CPU.ActiveCfg = Release|Any CPU
		{391B52F9-47AE-421A-8BED-5C43D7415D1B}.Release|Any CPU.Build.0 = Release|Any CPU
		{391B52F9-47AE-421A-8BED-5C43D7415D1B}.Release|ARM64.ActiveCfg = Release|Any CPU
		{391B52F9-47AE-421A-8BED-5C43D7415D1B}.Release|ARM64.Build.0 = Release|Any CPU
		{391B52F9-47AE-421A-8BED-5C43D7415D1B}.Release|x64.ActiveCfg = Release|Any CPU
		{391B52F9-47AE-421A-8BED-5C43D7415D1B}.Release|x64.Build.0 = Release|Any CPU
		{391B52F9-47AE-421A-8BED-5C43D7415D1B}.Release|x86.ActiveCfg = Release|Any CPU
		{391B52F9-47AE-421A-8BED-5C43D7415D1B}.Release|x86.Build.0 = Release|Any CPU
		{229830BF-39BD-450E-8FC4-F7DABB788DCE}.Debug|Any CPU.ActiveCfg = Debug|Any CPU
		{229830BF-39BD-450E-8FC4-F7DABB788DCE}.Debug|Any CPU.Build.0 = Debug|Any CPU
		{229830BF-39BD-450E-8FC4-F7DABB788DCE}.Debug|ARM64.ActiveCfg = Debug|Any CPU
		{229830BF-39BD-450E-8FC4-F7DABB788DCE}.Debug|ARM64.Build.0 = Debug|Any CPU
		{229830BF-39BD-450E-8FC4-F7DABB788DCE}.Debug|x64.ActiveCfg = Debug|Any CPU
		{229830BF-39BD-450E-8FC4-F7DABB788DCE}.Debug|x64.Build.0 = Debug|Any CPU
		{229830BF-39BD-450E-8FC4-F7DABB788DCE}.Debug|x86.ActiveCfg = Debug|Any CPU
		{229830BF-39BD-450E-8FC4-F7DABB788DCE}.Debug|x86.Build.0 = Debug|Any CPU
		{229830BF-39BD-450E-8FC4-F7DABB788DCE}.Release|Any CPU.ActiveCfg = Release|Any CPU
		{229830BF-39BD-450E-8FC4-F7DABB788DCE}.Release|Any CPU.Build.0 = Release|Any CPU
		{229830BF-39BD-450E-8FC4-F7DABB788DCE}.Release|ARM64.ActiveCfg = Release|Any CPU
		{229830BF-39BD-450E-8FC4-F7DABB788DCE}.Release|ARM64.Build.0 = Release|Any CPU
		{229830BF-39BD-450E-8FC4-F7DABB788DCE}.Release|x64.ActiveCfg = Release|Any CPU
		{229830BF-39BD-450E-8FC4-F7DABB788DCE}.Release|x64.Build.0 = Release|Any CPU
		{229830BF-39BD-450E-8FC4-F7DABB788DCE}.Release|x86.ActiveCfg = Release|Any CPU
		{229830BF-39BD-450E-8FC4-F7DABB788DCE}.Release|x86.Build.0 = Release|Any CPU
		{C333FEC4-B1B2-4B58-BE41-8204314CA85D}.Debug|Any CPU.ActiveCfg = Debug|Any CPU
		{C333FEC4-B1B2-4B58-BE41-8204314CA85D}.Debug|Any CPU.Build.0 = Debug|Any CPU
		{C333FEC4-B1B2-4B58-BE41-8204314CA85D}.Debug|ARM64.ActiveCfg = Debug|Any CPU
		{C333FEC4-B1B2-4B58-BE41-8204314CA85D}.Debug|ARM64.Build.0 = Debug|Any CPU
		{C333FEC4-B1B2-4B58-BE41-8204314CA85D}.Debug|x64.ActiveCfg = Debug|Any CPU
		{C333FEC4-B1B2-4B58-BE41-8204314CA85D}.Debug|x64.Build.0 = Debug|Any CPU
		{C333FEC4-B1B2-4B58-BE41-8204314CA85D}.Debug|x86.ActiveCfg = Debug|Any CPU
		{C333FEC4-B1B2-4B58-BE41-8204314CA85D}.Debug|x86.Build.0 = Debug|Any CPU
		{C333FEC4-B1B2-4B58-BE41-8204314CA85D}.Release|Any CPU.ActiveCfg = Release|Any CPU
		{C333FEC4-B1B2-4B58-BE41-8204314CA85D}.Release|ARM64.ActiveCfg = Release|Any CPU
		{C333FEC4-B1B2-4B58-BE41-8204314CA85D}.Release|ARM64.Build.0 = Release|Any CPU
		{C333FEC4-B1B2-4B58-BE41-8204314CA85D}.Release|x64.ActiveCfg = Release|Any CPU
		{C333FEC4-B1B2-4B58-BE41-8204314CA85D}.Release|x64.Build.0 = Release|Any CPU
		{C333FEC4-B1B2-4B58-BE41-8204314CA85D}.Release|x86.ActiveCfg = Release|Any CPU
		{C333FEC4-B1B2-4B58-BE41-8204314CA85D}.Release|x86.Build.0 = Release|Any CPU
		{4E3C31B6-695D-45C2-AE29-03A3F410BA2D}.Debug|Any CPU.ActiveCfg = Debug|Any CPU
		{4E3C31B6-695D-45C2-AE29-03A3F410BA2D}.Debug|Any CPU.Build.0 = Debug|Any CPU
		{4E3C31B6-695D-45C2-AE29-03A3F410BA2D}.Debug|ARM64.ActiveCfg = Debug|Any CPU
		{4E3C31B6-695D-45C2-AE29-03A3F410BA2D}.Debug|ARM64.Build.0 = Debug|Any CPU
		{4E3C31B6-695D-45C2-AE29-03A3F410BA2D}.Debug|x64.ActiveCfg = Debug|Any CPU
		{4E3C31B6-695D-45C2-AE29-03A3F410BA2D}.Debug|x64.Build.0 = Debug|Any CPU
		{4E3C31B6-695D-45C2-AE29-03A3F410BA2D}.Debug|x86.ActiveCfg = Debug|Any CPU
		{4E3C31B6-695D-45C2-AE29-03A3F410BA2D}.Debug|x86.Build.0 = Debug|Any CPU
		{4E3C31B6-695D-45C2-AE29-03A3F410BA2D}.Release|Any CPU.ActiveCfg = Release|Any CPU
		{4E3C31B6-695D-45C2-AE29-03A3F410BA2D}.Release|Any CPU.Build.0 = Release|Any CPU
		{4E3C31B6-695D-45C2-AE29-03A3F410BA2D}.Release|ARM64.ActiveCfg = Release|Any CPU
		{4E3C31B6-695D-45C2-AE29-03A3F410BA2D}.Release|ARM64.Build.0 = Release|Any CPU
		{4E3C31B6-695D-45C2-AE29-03A3F410BA2D}.Release|x64.ActiveCfg = Release|Any CPU
		{4E3C31B6-695D-45C2-AE29-03A3F410BA2D}.Release|x64.Build.0 = Release|Any CPU
		{4E3C31B6-695D-45C2-AE29-03A3F410BA2D}.Release|x86.ActiveCfg = Release|Any CPU
		{4E3C31B6-695D-45C2-AE29-03A3F410BA2D}.Release|x86.Build.0 = Release|Any CPU
		{B7631B6F-6351-6C7D-6DDF-1BB1849C1E29}.Debug|Any CPU.ActiveCfg = Debug|Any CPU
		{B7631B6F-6351-6C7D-6DDF-1BB1849C1E29}.Debug|Any CPU.Build.0 = Debug|Any CPU
		{B7631B6F-6351-6C7D-6DDF-1BB1849C1E29}.Debug|ARM64.ActiveCfg = Debug|Any CPU
		{B7631B6F-6351-6C7D-6DDF-1BB1849C1E29}.Debug|ARM64.Build.0 = Debug|Any CPU
		{B7631B6F-6351-6C7D-6DDF-1BB1849C1E29}.Debug|x64.ActiveCfg = Debug|Any CPU
		{B7631B6F-6351-6C7D-6DDF-1BB1849C1E29}.Debug|x64.Build.0 = Debug|Any CPU
		{B7631B6F-6351-6C7D-6DDF-1BB1849C1E29}.Debug|x86.ActiveCfg = Debug|Any CPU
		{B7631B6F-6351-6C7D-6DDF-1BB1849C1E29}.Debug|x86.Build.0 = Debug|Any CPU
		{B7631B6F-6351-6C7D-6DDF-1BB1849C1E29}.Release|Any CPU.ActiveCfg = Release|Any CPU
		{B7631B6F-6351-6C7D-6DDF-1BB1849C1E29}.Release|Any CPU.Build.0 = Release|Any CPU
		{B7631B6F-6351-6C7D-6DDF-1BB1849C1E29}.Release|ARM64.ActiveCfg = Release|Any CPU
		{B7631B6F-6351-6C7D-6DDF-1BB1849C1E29}.Release|ARM64.Build.0 = Release|Any CPU
		{B7631B6F-6351-6C7D-6DDF-1BB1849C1E29}.Release|x64.ActiveCfg = Release|Any CPU
		{B7631B6F-6351-6C7D-6DDF-1BB1849C1E29}.Release|x64.Build.0 = Release|Any CPU
		{B7631B6F-6351-6C7D-6DDF-1BB1849C1E29}.Release|x86.ActiveCfg = Release|Any CPU
		{B7631B6F-6351-6C7D-6DDF-1BB1849C1E29}.Release|x86.Build.0 = Release|Any CPU
		{FE77A728-3098-4E63-B804-ADD1FA4F3659}.Debug|Any CPU.ActiveCfg = Debug|Any CPU
		{FE77A728-3098-4E63-B804-ADD1FA4F3659}.Debug|Any CPU.Build.0 = Debug|Any CPU
		{FE77A728-3098-4E63-B804-ADD1FA4F3659}.Debug|ARM64.ActiveCfg = Debug|Any CPU
		{FE77A728-3098-4E63-B804-ADD1FA4F3659}.Debug|ARM64.Build.0 = Debug|Any CPU
		{FE77A728-3098-4E63-B804-ADD1FA4F3659}.Debug|x64.ActiveCfg = Debug|Any CPU
		{FE77A728-3098-4E63-B804-ADD1FA4F3659}.Debug|x64.Build.0 = Debug|Any CPU
		{FE77A728-3098-4E63-B804-ADD1FA4F3659}.Debug|x86.ActiveCfg = Debug|Any CPU
		{FE77A728-3098-4E63-B804-ADD1FA4F3659}.Debug|x86.Build.0 = Debug|Any CPU
		{FE77A728-3098-4E63-B804-ADD1FA4F3659}.Release|Any CPU.ActiveCfg = Release|Any CPU
		{FE77A728-3098-4E63-B804-ADD1FA4F3659}.Release|Any CPU.Build.0 = Release|Any CPU
		{FE77A728-3098-4E63-B804-ADD1FA4F3659}.Release|ARM64.ActiveCfg = Release|Any CPU
		{FE77A728-3098-4E63-B804-ADD1FA4F3659}.Release|ARM64.Build.0 = Release|Any CPU
		{FE77A728-3098-4E63-B804-ADD1FA4F3659}.Release|x64.ActiveCfg = Release|Any CPU
		{FE77A728-3098-4E63-B804-ADD1FA4F3659}.Release|x64.Build.0 = Release|Any CPU
		{FE77A728-3098-4E63-B804-ADD1FA4F3659}.Release|x86.ActiveCfg = Release|Any CPU
		{FE77A728-3098-4E63-B804-ADD1FA4F3659}.Release|x86.Build.0 = Release|Any CPU
	EndGlobalSection
	GlobalSection(SolutionProperties) = preSolution
		HideSolutionNode = FALSE
	EndGlobalSection
	GlobalSection(NestedProjects) = preSolution
		{089CA3F1-2429-4CC2-9343-DF4F3B9A2B38} = {36F88179-01C6-47F2-BBB5-10449474146C}
		{98FEFC07-197F-409E-9AFB-2A603113B06F} = {36F88179-01C6-47F2-BBB5-10449474146C}
		{7DBFE4ED-5FE7-40A2-80D1-CAD5CF7B4756} = {36F88179-01C6-47F2-BBB5-10449474146C}
		{D210572A-CE8D-4BE6-BCB1-11947D54C96E} = {36F88179-01C6-47F2-BBB5-10449474146C}
		{9AB1D47C-2151-4710-8FA9-D4C55B29F504} = {A28846FC-C535-4897-AF36-89AD1BB84E70}
		{385BF77D-C315-442A-8E5A-FA4F48A50D62} = {A28846FC-C535-4897-AF36-89AD1BB84E70}
		{3F979EAC-D64C-4D0A-AD29-0B8F983E6DAA} = {BF2113E0-1A41-478E-A5C4-3AA3DB8CD4A4}
		{F7763B7E-0EFF-4760-9CAE-2A610B67DDBE} = {6BD949A4-DE2E-470F-83BD-310F8B821F9B}
		{1334DEB7-650E-4C5F-BD48-A7F1E230A0FD} = {6BD949A4-DE2E-470F-83BD-310F8B821F9B}
		{502DEC71-251B-416B-B46F-CAA0032327CA} = {6BD949A4-DE2E-470F-83BD-310F8B821F9B}
		{23D959D0-45BD-4FA2-8DB5-42EAC1DF508D} = {6BD949A4-DE2E-470F-83BD-310F8B821F9B}
		{17434508-F2BF-453A-9177-60223E74E2BC} = {EDDABE1D-7047-4DC8-A708-048AF5E53588}
		{ECE72EFE-2E79-461E-BDE0-098457144DA5} = {6BD949A4-DE2E-470F-83BD-310F8B821F9B}
		{C6FE2D76-EB05-4A02-A0C7-B04062D89556} = {EDDABE1D-7047-4DC8-A708-048AF5E53588}
		{9602E515-A252-4A64-98ED-864E9C15BCC2} = {EDDABE1D-7047-4DC8-A708-048AF5E53588}
		{012802CF-810C-4529-9705-3942137C9781} = {EDDABE1D-7047-4DC8-A708-048AF5E53588}
		{DBC323FE-F697-4BF2-8261-8A0566B3FEAC} = {EDDABE1D-7047-4DC8-A708-048AF5E53588}
		{A1B2C3D4-E5F6-7A8B-9C0D-1E2F3A4B5C6D} = {80B8B3B8-AF69-41E8-B403-596F39E92689}
		{B2C3D4E5-F6A7-8B9C-0D1E-2F3A4B5C6D7E} = {80B8B3B8-AF69-41E8-B403-596F39E92689}
		{391B52F9-47AE-421A-8BED-5C43D7415D1B} = {6BD949A4-DE2E-470F-83BD-310F8B821F9B}
		{229830BF-39BD-450E-8FC4-F7DABB788DCE} = {A28846FC-C535-4897-AF36-89AD1BB84E70}
		{C333FEC4-B1B2-4B58-BE41-8204314CA85D} = {EDDABE1D-7047-4DC8-A708-048AF5E53588}
		{4E3C31B6-695D-45C2-AE29-03A3F410BA2D} = {36F88179-01C6-47F2-BBB5-10449474146C}
		{B7631B6F-6351-6C7D-6DDF-1BB1849C1E29} = {B6C4ADD1-1C0B-44EE-8226-4FA1DBCEF3A0}
	EndGlobalSection
	GlobalSection(ExtensibilityGlobals) = postSolution
		SolutionGuid = {079EDDDA-E83A-4CBB-BAF3-4B5C7E861E9F}
	EndGlobalSection
EndGlobal
